
Microsoft Visual Studio Solution File, Format Version 10.00
# Visual C++ Express 2008
Project("{8BC9CEB8-8B4A-11D0-8D11-00A0C91BC942}") = "encoder", "encoder.vcproj", "{CC5F24AA-ADCC-4036-935B-D42AC729B12A}"
EndProject
Project("{8BC9CEB8-8B4A-11D0-8D11-00A0C91BC942}") = "tables", "tables.vcproj", "{9B410F78-BAA6-43A6-BBAB-276C5EDD07FB}"
EndProject
Global
	GlobalSection(SolutionConfigurationPlatforms) = preSolution
		Debug|Win32 = Debug|Win32
		Release|Win32 = Release|Win32
	EndGlobalSection
	GlobalSection(ProjectConfigurationPlatforms) = postSolution
		{CC5F24AA-ADCC-4036-935B-D42AC729B12A}.Debug|Win32.ActiveCfg = Debug|Win32
		{CC5F24AA-ADCC-4036-935B-D42AC729B12A}.Debug|Win32.Build.0 = Debug|Win32
		{CC5F24AA-ADCC-4036-935B-D42AC729B12A}.Release|Win32.ActiveCfg = Release|Win32
		{CC5F24AA-ADCC-4036-935B-D42AC729B12A}.Release|Win32.Build.0 = Release|Win32
		{9B410F78-BAA6-43A6-BBAB-276C5EDD07FB}.Debug|Win32.ActiveCfg = Debug|Win32
		{9B410F78-BAA6-43A6-BBAB-276C5EDD07FB}.Debug|Win32.Build.0 = Debug|Win32
		{9B410F78-BAA6-43A6-BBAB-276C5EDD07FB}.Release|Win32.ActiveCfg = Release|Win32
		{9B410F78-BAA6-43A6-BBAB-276C5EDD07FB}.Release|Win32.Build.0 = Release|Win32
	EndGlobalSection
	GlobalSection(SolutionProperties) = preSolution
		HideSolutionNode = FALSE
	EndGlobalSection
EndGlobal
